
Microsoft Visual Studio Solution File, Format Version 12.00
# Visual Studio Version 17
VisualStudioVersion = 17.4.33205.214
MinimumVisualStudioVersion = 10.0.40219.1
Project("{FAE04EC0-301F-11D3-BF4B-00C04F79EFBC}") = "AdoNetVisitations", "AdoNetVisitations\AdoNetVisitations.csproj", "{1DE2FB0A-3074-4F56-8552-B9ECC1D587DB}"
EndProject
Global
	GlobalSection(SolutionConfigurationPlatforms) = preSolution
		Debug|Any CPU = Debug|Any CPU
		Release|Any CPU = Release|Any CPU
	EndGlobalSection
	GlobalSection(ProjectConfigurationPlatforms) = postSolution
		{1DE2FB0A-3074-4F56-8552-B9ECC1D587DB}.Debug|Any CPU.ActiveCfg = Debug|Any CPU
		{1DE2FB0A-3074-4F56-8552-B9ECC1D587DB}.Debug|Any CPU.Build.0 = Debug|Any CPU
		{1DE2FB0A-3074-4F56-8552-B9ECC1D587DB}.Release|Any CPU.ActiveCfg = Release|Any CPU
		{1DE2FB0A-3074-4F56-8552-B9ECC1D587DB}.Release|Any CPU.Build.0 = Release|Any CPU
	EndGlobalSection
	GlobalSection(SolutionProperties) = preSolution
		HideSolutionNode = FALSE
	EndGlobalSection
	GlobalSection(ExtensibilityGlobals) = postSolution
		SolutionGuid = {CA924B74-FDD9-4908-BC62-4A816D30D372}
	EndGlobalSection
EndGlobal
